
Microsoft Visual Studio Solution File, Format Version 12.00
# Visual Studio Version 17
VisualStudioVersion = 17.8.34408.163
MinimumVisualStudioVersion = 10.0.40219.1
Project("{9A19103F-16F7-4668-BE54-9A1E7A4F7556}") = "student_Score_Manager", "student_Score_Manager\student_Score_Manager.csproj", "{882E13E4-BE14-4209-A057-A65C9F460CF3}"
EndProject
Project("{9A19103F-16F7-4668-BE54-9A1E7A4F7556}") = "NewDataTO", "NewDataTO\NewDataTO.csproj", "{58FD96BF-C74C-4495-8BF7-F90A1B5D0F41}"
EndProject
Global
	GlobalSection(SolutionConfigurationPlatforms) = preSolution
		Debug|Any CPU = Debug|Any CPU
		Release|Any CPU = Release|Any CPU
	EndGlobalSection
	GlobalSection(ProjectConfigurationPlatforms) = postSolution
		{882E13E4-BE14-4209-A057-A65C9F460CF3}.Debug|Any CPU.ActiveCfg = Debug|Any CPU
		{882E13E4-BE14-4209-A057-A65C9F460CF3}.Debug|Any CPU.Build.0 = Debug|Any CPU
		{882E13E4-BE14-4209-A057-A65C9F460CF3}.Release|Any CPU.ActiveCfg = Release|Any CPU
		{882E13E4-BE14-4209-A057-A65C9F460CF3}.Release|Any CPU.Build.0 = Release|Any CPU
		{58FD96BF-C74C-4495-8BF7-F90A1B5D0F41}.Debug|Any CPU.ActiveCfg = Debug|Any CPU
		{58FD96BF-C74C-4495-8BF7-F90A1B5D0F41}.Debug|Any CPU.Build.0 = Debug|Any CPU
		{58FD96BF-C74C-4495-8BF7-F90A1B5D0F41}.Release|Any CPU.ActiveCfg = Release|Any CPU
		{58FD96BF-C74C-4495-8BF7-F90A1B5D0F41}.Release|Any CPU.Build.0 = Release|Any CPU
	EndGlobalSection
	GlobalSection(SolutionProperties) = preSolution
		HideSolutionNode = FALSE
	EndGlobalSection
	GlobalSection(ExtensibilityGlobals) = postSolution
		SolutionGuid = {612DE732-E8C3-4BA9-B724-BBBE99937D2C}
	EndGlobalSection
EndGlobal
